// !$*UTF8*$!
{
	archiveVersion = 1;
	classes = {
	};
	objectVersion = 56;
	objects = {

/* Begin PBXBuildFile section */
		646DEA9E295AE34200C8C593 /* WorkHardTravelHardAppApp.swift in Sources */ = {isa = PBXBuildFile; fileRef = 646DEA9D295AE34200C8C593 /* WorkHardTravelHardAppApp.swift */; };
		646DEAA0295AE34200C8C593 /* ContentView.swift in Sources */ = {isa = PBXBuildFile; fileRef = 646DEA9F295AE34200C8C593 /* ContentView.swift */; };
		646DEAA2295AE34300C8C593 /* Assets.xcassets in Resources */ = {isa = PBXBuildFile; fileRef = 646DEAA1295AE34300C8C593 /* Assets.xcassets */; };
		646DEAA6295AE34300C8C593 /* Preview Assets.xcassets in Resources */ = {isa = PBXBuildFile; fileRef = 646DEAA5295AE34300C8C593 /* Preview Assets.xcassets */; };
		646DEAB0295AE34300C8C593 /* WorkHardTravelHardAppTests.swift in Sources */ = {isa = PBXBuildFile; fileRef = 646DEAAF295AE34300C8C593 /* WorkHardTravelHardAppTests.swift */; };
		646DEABA295AE34300C8C593 /* WorkHardTravelHardAppUITests.swift in Sources */ = {isa = PBXBuildFile; fileRef = 646DEAB9295AE34300C8C593 /* WorkHardTravelHardAppUITests.swift */; };
		646DEABC295AE34300C8C593 /* WorkHardTravelHardAppUITestsLaunchTests.swift in Sources */ = {isa = PBXBuildFile; fileRef = 646DEABB295AE34300C8C593 /* WorkHardTravelHardAppUITestsLaunchTests.swift */; };
/* End PBXBuildFile section */

/* Begin PBXContainerItemProxy section */
		646DEAAC295AE34300C8C593 /* PBXContainerItemProxy */ = {
			isa = PBXContainerItemProxy;
			containerPortal = 646DEA92295AE34200C8C593 /* Project object */;
			proxyType = 1;
			remoteGlobalIDString = 646DEA99295AE34200C8C593;
			remoteInfo = WorkHardTravelHardApp;
		};
		646DEAB6295AE34300C8C593 /* PBXContainerItemProxy */ = {
			isa = PBXContainerItemProxy;
			containerPortal = 646DEA92295AE34200C8C593 /* Project object */;
			proxyType = 1;
			remoteGlobalIDString = 646DEA99295AE34200C8C593;
			remoteInfo = WorkHardTravelHardApp;
		};
/* End PBXContainerItemProxy section */

/* Begin PBXFileReference section */
		646DEA9A295AE34200C8C593 /* WorkHardTravelHardApp.app */ = {isa = PBXFileReference; explicitFileType = wrapper.application; includeInIndex = 0; path = WorkHardTravelHardApp.app; sourceTree = BUILT_PRODUCTS_DIR; };
		646DEA9D295AE34200C8C593 /* WorkHardTravelHardAppApp.swift */ = {isa = PBXFileReference; lastKnownFileType = sourcecode.swift; path = WorkHardTravelHardAppApp.swift; sourceTree = "<group>"; };
		646DEA9F295AE34200C8C593 /* ContentView.swift */ = {isa = PBXFileReference; lastKnownFileType = sourcecode.swift; path = ContentView.swift; sourceTree = "<group>"; };
		646DEAA1295AE34300C8C593 /* Assets.xcassets */ = {isa = PBXFileReference; lastKnownFileType = folder.assetcatalog; path = Assets.xcassets; sourceTree = "<group>"; };
		646DEAA3295AE34300C8C593 /* WorkHardTravelHardApp.entitlements */ = {isa = PBXFileReference; lastKnownFileType = text.plist.entitlements; path = WorkHardTravelHardApp.entitlements; sourceTree = "<group>"; };
		646DEAA5295AE34300C8C593 /* Preview Assets.xcassets */ = {isa = PBXFileReference; lastKnownFileType = folder.assetcatalog; path = "Preview Assets.xcassets"; sourceTree = "<group>"; };
		646DEAAB295AE34300C8C593 /* WorkHardTravelHardAppTests.xctest */ = {isa = PBXFileReference; explicitFileType = wrapper.cfbundle; includeInIndex = 0; path = WorkHardTravelHardAppTests.xctest; sourceTree = BUILT_PRODUCTS_DIR; };
		646DEAAF295AE34300C8C593 /* WorkHardTravelHardAppTests.swift */ = {isa = PBXFileReference; lastKnownFileType = sourcecode.swift; path = WorkHardTravelHardAppTests.swift; sourceTree = "<group>"; };
		646DEAB5295AE34300C8C593 /* WorkHardTravelHardAppUITests.xctest */ = {isa = PBXFileReference; explicitFileType = wrapper.cfbundle; includeInIndex = 0; path = WorkHardTravelHardAppUITests.xctest; sourceTree = BUILT_PRODUCTS_DIR; };
		646DEAB9295AE34300C8C593 /* WorkHardTravelHardAppUITests.swift */ = {isa = PBXFileReference; lastKnownFileType = sourcecode.swift; path = WorkHardTravelHardAppUITests.swift; sourceTree = "<group>"; };
		646DEABB295AE34300C8C593 /* WorkHardTravelHardAppUITestsLaunchTests.swift */ = {isa = PBXFileReference; lastKnownFileType = sourcecode.swift; path = WorkHardTravelHardAppUITestsLaunchTests.swift; sourceTree = "<group>"; };
/* End PBXFileReference section */

/* Begin PBXFrameworksBuildPhase section */
		646DEA97295AE34200C8C593 /* Frameworks */ = {
			isa = PBXFrameworksBuildPhase;
			buildActionMask = 2147483647;
			files = (
			);
			runOnlyForDeploymentPostprocessing = 0;
		};
		646DEAA8295AE34300C8C593 /* Frameworks */ = {
			isa = PBXFrameworksBuildPhase;
			buildActionMask = 2147483647;
			files = (
			);
			runOnlyForDeploymentPostprocessing = 0;
		};
		646DEAB2295AE34300C8C593 /* Frameworks */ = {
			isa = PBXFrameworksBuildPhase;
			buildActionMask = 2147483647;
			files = (
			);
			runOnlyForDeploymentPostprocessing = 0;
		};
/* End PBXFrameworksBuildPhase section */

/* Begin PBXGroup section */
		646DEA91295AE34200C8C593 = {
			isa = PBXGroup;
			children = (
				646DEA9C295AE34200C8C593 /* WorkHardTravelHardApp */,
				646DEAAE295AE34300C8C593 /* WorkHardTravelHardAppTests */,
				646DEAB8295AE34300C8C593 /* WorkHardTravelHardAppUITests */,
				646DEA9B295AE34200C8C593 /* Products */,
			);
			sourceTree = "<group>";
		};
		646DEA9B295AE34200C8C593 /* Products */ = {
			isa = PBXGroup;
			children = (
				646DEA9A295AE34200C8C593 /* WorkHardTravelHardApp.app */,
				646DEAAB295AE34300C8C593 /* WorkHardTravelHardAppTests.xctest */,
				646DEAB5295AE34300C8C593 /* WorkHardTravelHardAppUITests.xctest */,
			);
			name = Products;
			sourceTree = "<group>";
		};
		646DEA9C295AE34200C8C593 /* WorkHardTravelHardApp */ = {
			isa = PBXGroup;
			children = (
				646DEA9D295AE34200C8C593 /* WorkHardTravelHardAppApp.swift */,
				646DEA9F295AE34200C8C593 /* ContentView.swift */,
				646DEAA1295AE34300C8C593 /* Assets.xcassets */,
				646DEAA3295AE34300C8C593 /* WorkHardTravelHardApp.entitlements */,
				646DEAA4295AE34300C8C593 /* Preview Content */,
			);
			path = WorkHardTravelHardApp;
			sourceTree = "<group>";
		};
		646DEAA4295AE34300C8C593 /* Preview Content */ = {
			isa = PBXGroup;
			children = (
				646DEAA5295AE34300C8C593 /* Preview Assets.xcassets */,
			);
			path = "Preview Content";
			sourceTree = "<group>";
		};
		646DEAAE295AE34300C8C593 /* WorkHardTravelHardAppTests */ = {
			isa = PBXGroup;
			children = (
				646DEAAF295AE34300C8C593 /* WorkHardTravelHardAppTests.swift */,
			);
			path = WorkHardTravelHardAppTests;
			sourceTree = "<group>";
		};
		646DEAB8295AE34300C8C593 /* WorkHardTravelHardAppUITests */ = {
			isa = PBXGroup;
			children = (
				646DEAB9295AE34300C8C593 /* WorkHardTravelHardAppUITests.swift */,
				646DEABB295AE34300C8C593 /* WorkHardTravelHardAppUITestsLaunchTests.swift */,
			);
			path = WorkHardTravelHardAppUITests;
			sourceTree = "<group>";
		};
/* End PBXGroup section */

/* Begin PBXNativeTarget section */
		646DEA99295AE34200C8C593 /* WorkHardTravelHardApp */ = {
			isa = PBXNativeTarget;
			buildConfigurationList = 646DEABF295AE34300C8C593 /* Build configuration list for PBXNativeTarget "WorkHardTravelHardApp" */;
			buildPhases = (
				646DEA96295AE34200C8C593 /* Sources */,
				646DEA97295AE34200C8C593 /* Frameworks */,
				646DEA98295AE34200C8C593 /* Resources */,
			);
			buildRules = (
			);
			dependencies = (
			);
			name = WorkHardTravelHardApp;
			productName = WorkHardTravelHardApp;
			productReference = 646DEA9A295AE34200C8C593 /* WorkHardTravelHardApp.app */;
			productType = "com.apple.product-type.application";
		};
		646DEAAA295AE34300C8C593 /* WorkHardTravelHardAppTests */ = {
			isa = PBXNativeTarget;
			buildConfigurationList = 646DEAC2295AE34300C8C593 /* Build configuration list for PBXNativeTarget "WorkHardTravelHardAppTests" */;
			buildPhases = (
				646DEAA7295AE34300C8C593 /* Sources */,
				646DEAA8295AE34300C8C593 /* Frameworks */,
				646DEAA9295AE34300C8C593 /* Resources */,
			);
			buildRules = (
			);
			dependencies = (
				646DEAAD295AE34300C8C593 /* PBXTargetDependency */,
			);
			name = WorkHardTravelHardAppTests;
			productName = WorkHardTravelHardAppTests;
			productReference = 646DEAAB295AE34300C8C593 /* WorkHardTravelHardAppTests.xctest */;
			productType = "com.apple.product-type.bundle.unit-test";
		};
		646DEAB4295AE34300C8C593 /* WorkHardTravelHardAppUITests */ = {
			isa = PBXNativeTarget;
			buildConfigurationList = 646DEAC5295AE34300C8C593 /* Build configuration list for PBXNativeTarget "WorkHardTravelHardAppUITests" */;
			buildPhases = (
				646DEAB1295AE34300C8C593 /* Sources */,
				646DEAB2295AE34300C8C593 /* Frameworks */,
				646DEAB3295AE34300C8C593 /* Resources */,
			);
			buildRules = (
			);
			dependencies = (
				646DEAB7295AE34300C8C593 /* PBXTargetDependency */,
			);
			name = WorkHardTravelHardAppUITests;
			productName = WorkHardTravelHardAppUITests;
			productReference = 646DEAB5295AE34300C8C593 /* WorkHardTravelHardAppUITests.xctest */;
			productType = "com.apple.product-type.bundle.ui-testing";
		};
/* End PBXNativeTarget section */

/* Begin PBXProject section */
		646DEA92295AE34200C8C593 /* Project object */ = {
			isa = PBXProject;
			attributes = {
				BuildIndependentTargetsInParallel = 1;
				LastSwiftUpdateCheck = 1420;
				LastUpgradeCheck = 1420;
				TargetAttributes = {
					646DEA99295AE34200C8C593 = {
						CreatedOnToolsVersion = 14.2;
					};
					646DEAAA295AE34300C8C593 = {
						CreatedOnToolsVersion = 14.2;
						TestTargetID = 646DEA99295AE34200C8C593;
					};
					646DEAB4295AE34300C8C593 = {
						CreatedOnToolsVersion = 14.2;
						TestTargetID = 646DEA99295AE34200C8C593;
					};
				};
			};
			buildConfigurationList = 646DEA95295AE34200C8C593 /* Build configuration list for PBXProject "WorkHardTravelHardApp" */;
			compatibilityVersion = "Xcode 14.0";
			developmentRegion = en;
			hasScannedForEncodings = 0;
			knownRegions = (
				en,
				Base,
			);
			mainGroup = 646DEA91295AE34200C8C593;
			productRefGroup = 646DEA9B295AE34200C8C593 /* Products */;
			projectDirPath = "";
			projectRoot = "";
			targets = (
				646DEA99295AE34200C8C593 /* WorkHardTravelHardApp */,
				646DEAAA295AE34300C8C593 /* WorkHardTravelHardAppTests */,
				646DEAB4295AE34300C8C593 /* WorkHardTravelHardAppUITests */,
			);
		};
/* End PBXProject section */

/* Begin PBXResourcesBuildPhase section */
		646DEA98295AE34200C8C593 /* Resources */ = {
			isa = PBXResourcesBuildPhase;
			buildActionMask = 2147483647;
			files = (
				646DEAA6295AE34300C8C593 /* Preview Assets.xcassets in Resources */,
				646DEAA2295AE34300C8C593 /* Assets.xcassets in Resources */,
			);
			runOnlyForDeploymentPostprocessing = 0;
		};
		646DEAA9295AE34300C8C593 /* Resources */ = {
			isa = PBXResourcesBuildPhase;
			buildActionMask = 2147483647;
			files = (
			);
			runOnlyForDeploymentPostprocessing = 0;
		};
		646DEAB3295AE34300C8C593 /* Resources */ = {
			isa = PBXResourcesBuildPhase;
			buildActionMask = 2147483647;
			files = (
			);
			runOnlyForDeploymentPostprocessing = 0;
		};
/* End PBXResourcesBuildPhase section */

/* Begin PBXSourcesBuildPhase section */
		646DEA96295AE34200C8C593 /* Sources */ = {
			isa = PBXSourcesBuildPhase;
			buildActionMask = 2147483647;
			files = (
				646DEAA0295AE34200C8C593 /* ContentView.swift in Sources */,
				646DEA9E295AE34200C8C593 /* WorkHardTravelHardAppApp.swift in Sources */,
			);
			runOnlyForDeploymentPostprocessing = 0;
		};
		646DEAA7295AE34300C8C593 /* Sources */ = {
			isa = PBXSourcesBuildPhase;
			buildActionMask = 2147483647;
			files = (
				646DEAB0295AE34300C8C593 /* WorkHardTravelHardAppTests.swift in Sources */,
			);
			runOnlyForDeploymentPostprocessing = 0;
		};
		646DEAB1295AE34300C8C593 /* Sources */ = {
			isa = PBXSourcesBuildPhase;
			buildActionMask = 2147483647;
			files = (
				646DEABA295AE34300C8C593 /* WorkHardTravelHardAppUITests.swift in Sources */,
				646DEABC295AE34300C8C593 /* WorkHardTravelHardAppUITestsLaunchTests.swift in Sources */,
			);
			runOnlyForDeploymentPostprocessing = 0;
		};
/* End PBXSourcesBuildPhase section */

/* Begin PBXTargetDependency section */
		646DEAAD295AE34300C8C593 /* PBXTargetDependency */ = {
			isa = PBXTargetDependency;
			target = 646DEA99295AE34200C8C593 /* WorkHardTravelHardApp */;
			targetProxy = 646DEAAC295AE34300C8C593 /* PBXContainerItemProxy */;
		};
		646DEAB7295AE34300C8C593 /* PBXTargetDependency */ = {
			isa = PBXTargetDependency;
			target = 646DEA99295AE34200C8C593 /* WorkHardTravelHardApp */;
			targetProxy = 646DEAB6295AE34300C8C593 /* PBXContainerItemProxy */;
		};
/* End PBXTargetDependency section */

/* Begin XCBuildConfiguration section */
		646DEABD295AE34300C8C593 /* Debug */ = {
			isa = XCBuildConfiguration;
			buildSettings = {
				ALWAYS_SEARCH_USER_PATHS = NO;
				CLANG_ANALYZER_NONNULL = YES;
				CLANG_ANALYZER_NUMBER_OBJECT_CONVERSION = YES_AGGRESSIVE;
				CLANG_CXX_LANGUAGE_STANDARD = "gnu++20";
				CLANG_ENABLE_MODULES = YES;
				CLANG_ENABLE_OBJC_ARC = YES;
				CLANG_ENABLE_OBJC_WEAK = YES;
				CLANG_WARN_BLOCK_CAPTURE_AUTORELEASING = YES;
				CLANG_WARN_BOOL_CONVERSION = YES;
				CLANG_WARN_COMMA = YES;
				CLANG_WARN_CONSTANT_CONVERSION = YES;
				CLANG_WARN_DEPRECATED_OBJC_IMPLEMENTATIONS = YES;
				CLANG_WARN_DIRECT_OBJC_ISA_USAGE = YES_ERROR;
				CLANG_WARN_DOCUMENTATION_COMMENTS = YES;
				CLANG_WARN_EMPTY_BODY = YES;
				CLANG_WARN_ENUM_CONVERSION = YES;
				CLANG_WARN_INFINITE_RECURSION = YES;
				CLANG_WARN_INT_CONVERSION = YES;
				CLANG_WARN_NON_LITERAL_NULL_CONVERSION = YES;
				CLANG_WARN_OBJC_IMPLICIT_RETAIN_SELF = YES;
				CLANG_WARN_OBJC_LITERAL_CONVERSION = YES;
				CLANG_WARN_OBJC_ROOT_CLASS = YES_ERROR;
				CLANG_WARN_QUOTED_INCLUDE_IN_FRAMEWORK_HEADER = YES;
				CLANG_WARN_RANGE_LOOP_ANALYSIS = YES;
				CLANG_WARN_STRICT_PROTOTYPES = YES;
				CLANG_WARN_SUSPICIOUS_MOVE = YES;
				CLANG_WARN_UNGUARDED_AVAILABILITY = YES_AGGRESSIVE;
				CLANG_WARN_UNREACHABLE_CODE = YES;
				CLANG_WARN__DUPLICATE_METHOD_MATCH = YES;
				COPY_PHASE_STRIP = NO;
				DEBUG_INFORMATION_FORMAT = dwarf;
				ENABLE_STRICT_OBJC_MSGSEND = YES;
				ENABLE_TESTABILITY = YES;
				GCC_C_LANGUAGE_STANDARD = gnu11;
				GCC_DYNAMIC_NO_PIC = NO;
				GCC_NO_COMMON_BLOCKS = YES;
				GCC_OPTIMIZATION_LEVEL = 0;
				GCC_PREPROCESSOR_DEFINITIONS = (
					"DEBUG=1",
					"$(inherited)",
				);
				GCC_WARN_64_TO_32_BIT_CONVERSION = YES;
				GCC_WARN_ABOUT_RETURN_TYPE = YES_ERROR;
				GCC_WARN_UNDECLARED_SELECTOR = YES;
				GCC_WARN_UNINITIALIZED_AUTOS = YES_AGGRESSIVE;
				GCC_WARN_UNUSED_FUNCTION = YES;
				GCC_WARN_UNUSED_VARIABLE = YES;
				MTL_ENABLE_DEBUG_INFO = INCLUDE_SOURCE;
				MTL_FAST_MATH = YES;
				ONLY_ACTIVE_ARCH = YES;
				SWIFT_ACTIVE_COMPILATION_CONDITIONS = DEBUG;
				SWIFT_OPTIMIZATION_LEVEL = "-Onone";
			};
			name = Debug;
		};
		646DEABE295AE34300C8C593 /* Release */ = {
			isa = XCBuildConfiguration;
			buildSettings = {
				ALWAYS_SEARCH_USER_PATHS = NO;
				CLANG_ANALYZER_NONNULL = YES;
				CLANG_ANALYZER_NUMBER_OBJECT_CONVERSION = YES_AGGRESSIVE;
				CLANG_CXX_LANGUAGE_STANDARD = "gnu++20";
				CLANG_ENABLE_MODULES = YES;
				CLANG_ENABLE_OBJC_ARC = YES;
				CLANG_ENABLE_OBJC_WEAK = YES;
				CLANG_WARN_BLOCK_CAPTURE_AUTORELEASING = YES;
				CLANG_WARN_BOOL_CONVERSION = YES;
				CLANG_WARN_COMMA = YES;
				CLANG_WARN_CONSTANT_CONVERSION = YES;
				CLANG_WARN_DEPRECATED_OBJC_IMPLEMENTATIONS = YES;
				CLANG_WARN_DIRECT_OBJC_ISA_USAGE = YES_ERROR;
				CLANG_WARN_DOCUMENTATION_COMMENTS = YES;
				CLANG_WARN_EMPTY_BODY = YES;
				CLANG_WARN_ENUM_CONVERSION = YES;
				CLANG_WARN_INFINITE_RECURSION = YES;
				CLANG_WARN_INT_CONVERSION = YES;
				CLANG_WARN_NON_LITERAL_NULL_CONVERSION = YES;
				CLANG_WARN_OBJC_IMPLICIT_RETAIN_SELF = YES;
				CLANG_WARN_OBJC_LITERAL_CONVERSION = YES;
				CLANG_WARN_OBJC_ROOT_CLASS = YES_ERROR;
				CLANG_WARN_QUOTED_INCLUDE_IN_FRAMEWORK_HEADER = YES;
				CLANG_WARN_RANGE_LOOP_ANALYSIS = YES;
				CLANG_WARN_STRICT_PROTOTYPES = YES;
				CLANG_WARN_SUSPICIOUS_MOVE = YES;
				CLANG_WARN_UNGUARDED_AVAILABILITY = YES_AGGRESSIVE;
				CLANG_WARN_UNREACHABLE_CODE = YES;
				CLANG_WARN__DUPLICATE_METHOD_MATCH = YES;
				COPY_PHASE_STRIP = NO;
				DEBUG_INFORMATION_FORMAT = "dwarf-with-dsym";
				ENABLE_NS_ASSERTIONS = NO;
				ENABLE_STRICT_OBJC_MSGSEND = YES;
				GCC_C_LANGUAGE_STANDARD = gnu11;
				GCC_NO_COMMON_BLOCKS = YES;
				GCC_WARN_64_TO_32_BIT_CONVERSION = YES;
				GCC_WARN_ABOUT_RETURN_TYPE = YES_ERROR;
				GCC_WARN_UNDECLARED_SELECTOR = YES;
				GCC_WARN_UNINITIALIZED_AUTOS = YES_AGGRESSIVE;
				GCC_WARN_UNUSED_FUNCTION = YES;
				GCC_WARN_UNUSED_VARIABLE = YES;
				MTL_ENABLE_DEBUG_INFO = NO;
				MTL_FAST_MATH = YES;
				SWIFT_COMPILATION_MODE = wholemodule;
				SWIFT_OPTIMIZATION_LEVEL = "-O";
			};
			name = Release;
		};
		646DEAC0295AE34300C8C593 /* Debug */ = {
			isa = XCBuildConfiguration;
			buildSettings = {
				ASSETCATALOG_COMPILER_APPICON_NAME = AppIcon;
				ASSETCATALOG_COMPILER_GLOBAL_ACCENT_COLOR_NAME = AccentColor;
				CODE_SIGN_ENTITLEMENTS = WorkHardTravelHardApp/WorkHardTravelHardApp.entitlements;
				CODE_SIGN_STYLE = Automatic;
				CURRENT_PROJECT_VERSION = 1;
				DEVELOPMENT_ASSET_PATHS = "\"WorkHardTravelHardApp/Preview Content\"";
				ENABLE_PREVIEWS = YES;
				GENERATE_INFOPLIST_FILE = YES;
				"INFOPLIST_KEY_UIApplicationSceneManifest_Generation[sdk=iphoneos*]" = YES;
				"INFOPLIST_KEY_UIApplicationSceneManifest_Generation[sdk=iphonesimulator*]" = YES;
				"INFOPLIST_KEY_UIApplicationSupportsIndirectInputEvents[sdk=iphoneos*]" = YES;
				"INFOPLIST_KEY_UIApplicationSupportsIndirectInputEvents[sdk=iphonesimulator*]" = YES;
				"INFOPLIST_KEY_UILaunchScreen_Generation[sdk=iphoneos*]" = YES;
				"INFOPLIST_KEY_UILaunchScreen_Generation[sdk=iphonesimulator*]" = YES;
				"INFOPLIST_KEY_UIStatusBarStyle[sdk=iphoneos*]" = UIStatusBarStyleDefault;
				"INFOPLIST_KEY_UIStatusBarStyle[sdk=iphonesimulator*]" = UIStatusBarStyleDefault;
				INFOPLIST_KEY_UISupportedInterfaceOrientations_iPad = "UIInterfaceOrientationPortrait UIInterfaceOrientationPortraitUpsideDown UIInterfaceOrientationLandscapeLeft UIInterfaceOrientationLandscapeRight";
				INFOPLIST_KEY_UISupportedInterfaceOrientations_iPhone = "UIInterfaceOrientationPortrait UIInterfaceOrientationLandscapeLeft UIInterfaceOrientationLandscapeRight";
				IPHONEOS_DEPLOYMENT_TARGET = 16.2;
				LD_RUNPATH_SEARCH_PATHS = "@executable_path/Frameworks";
				"LD_RUNPATH_SEARCH_PATHS[sdk=macosx*]" = "@executable_path/../Frameworks";
				MACOSX_DEPLOYMENT_TARGET = 13.0;
				MARKETING_VERSION = 1.0;
				PRODUCT_BUNDLE_IDENTIFIER = "xcode-chan.WorkHardTravelHardApp";
				PRODUCT_NAME = "$(TARGET_NAME)";
				SDKROOT = auto;
				SUPPORTED_PLATFORMS = "iphoneos iphonesimulator macosx";
				SWIFT_EMIT_LOC_STRINGS = YES;
				SWIFT_VERSION = 5.0;
				TARGETED_DEVICE_FAMILY = "1,2";
			};
			name = Debug;
		};
		646DEAC1295AE34300C8C593 /* Release */ = {
			isa = XCBuildConfiguration;
			buildSettings = {
				ASSETCATALOG_COMPILER_APPICON_NAME = AppIcon;
				ASSETCATALOG_COMPILER_GLOBAL_ACCENT_COLOR_NAME = AccentColor;
				CODE_SIGN_ENTITLEMENTS = WorkHardTravelHardApp/WorkHardTravelHardApp.entitlements;
				CODE_SIGN_STYLE = Automatic;
				CURRENT_PROJECT_VERSION = 1;
				DEVELOPMENT_ASSET_PATHS = "\"WorkHardTravelHardApp/Preview Content\"";
				ENABLE_PREVIEWS = YES;
				GENERATE_INFOPLIST_FILE = YES;
				"INFOPLIST_KEY_UIApplicationSceneManifest_Generation[sdk=iphoneos*]" = YES;
				"INFOPLIST_KEY_UIApplicationSceneManifest_Generation[sdk=iphonesimulator*]" = YES;
				"INFOPLIST_KEY_UIApplicationSupportsIndirectInputEvents[sdk=iphoneos*]" = YES;
				"INFOPLIST_KEY_UIApplicationSupportsIndirectInputEvents[sdk=iphonesimulator*]" = YES;
				"INFOPLIST_KEY_UILaunchScreen_Generation[sdk=iphoneos*]" = YES;
				"INFOPLIST_KEY_UILaunchScreen_Generation[sdk=iphonesimulator*]" = YES;
				"INFOPLIST_KEY_UIStatusBarStyle[sdk=iphoneos*]" = UIStatusBarStyleDefault;
				"INFOPLIST_KEY_UIStatusBarStyle[sdk=iphonesimulator*]" = UIStatusBarStyleDefault;
				INFOPLIST_KEY_UISupportedInterfaceOrientations_iPad = "UIInterfaceOrientationPortrait UIInterfaceOrientationPortraitUpsideDown UIInterfaceOrientationLandscapeLeft UIInterfaceOrientationLandscapeRight";
				INFOPLIST_KEY_UISupportedInterfaceOrientations_iPhone = "UIInterfaceOrientationPortrait UIInterfaceOrientationLandscapeLeft UIInterfaceOrientationLandscapeRight";
				IPHONEOS_DEPLOYMENT_TARGET = 16.2;
				LD_RUNPATH_SEARCH_PATHS = "@executable_path/Frameworks";
				"LD_RUNPATH_SEARCH_PATHS[sdk=macosx*]" = "@executable_path/../Frameworks";
				MACOSX_DEPLOYMENT_TARGET = 13.0;
				MARKETING_VERSION = 1.0;
				PRODUCT_BUNDLE_IDENTIFIER = "xcode-chan.WorkHardTravelHardApp";
				PRODUCT_NAME = "$(TARGET_NAME)";
				SDKROOT = auto;
				SUPPORTED_PLATFORMS = "iphoneos iphonesimulator macosx";
				SWIFT_EMIT_LOC_STRINGS = YES;
				SWIFT_VERSION = 5.0;
				TARGETED_DEVICE_FAMILY = "1,2";
			};
			name = Release;
		};
		646DEAC3295AE34300C8C593 /* Debug */ = {
			isa = XCBuildConfiguration;
			buildSettings = {
				ALWAYS_EMBED_SWIFT_STANDARD_LIBRARIES = YES;
				BUNDLE_LOADER = "$(TEST_HOST)";
				CODE_SIGN_STYLE = Automatic;
				CURRENT_PROJECT_VERSION = 1;
				GENERATE_INFOPLIST_FILE = YES;
				IPHONEOS_DEPLOYMENT_TARGET = 16.2;
				MACOSX_DEPLOYMENT_TARGET = 13.0;
				MARKETING_VERSION = 1.0;
				PRODUCT_BUNDLE_IDENTIFIER = "xcode-chan.WorkHardTravelHardAppTests";
				PRODUCT_NAME = "$(TARGET_NAME)";
				SDKROOT = auto;
				SUPPORTED_PLATFORMS = "iphoneos iphonesimulator macosx";
				SWIFT_EMIT_LOC_STRINGS = NO;
				SWIFT_VERSION = 5.0;
				TARGETED_DEVICE_FAMILY = "1,2";
				TEST_HOST = "$(BUILT_PRODUCTS_DIR)/WorkHardTravelHardApp.app/$(BUNDLE_EXECUTABLE_FOLDER_PATH)/WorkHardTravelHardApp";
			};
			name = Debug;
		};
		646DEAC4295AE34300C8C593 /* Release */ = {
			isa = XCBuildConfiguration;
			buildSettings = {
				ALWAYS_EMBED_SWIFT_STANDARD_LIBRARIES = YES;
				BUNDLE_LOADER = "$(TEST_HOST)";
				CODE_SIGN_STYLE = Automatic;
				CURRENT_PROJECT_VERSION = 1;
				GENERATE_INFOPLIST_FILE = YES;
				IPHONEOS_DEPLOYMENT_TARGET = 16.2;
				MACOSX_DEPLOYMENT_TARGET = 13.0;
				MARKETING_VERSION = 1.0;
				PRODUCT_BUNDLE_IDENTIFIER = "xcode-chan.WorkHardTravelHardAppTests";
				PRODUCT_NAME = "$(TARGET_NAME)";
				SDKROOT = auto;
				SUPPORTED_PLATFORMS = "iphoneos iphonesimulator macosx";
				SWIFT_EMIT_LOC_STRINGS = NO;
				SWIFT_VERSION = 5.0;
				TARGETED_DEVICE_FAMILY = "1,2";
				TEST_HOST = "$(BUILT_PRODUCTS_DIR)/WorkHardTravelHardApp.app/$(BUNDLE_EXECUTABLE_FOLDER_PATH)/WorkHardTravelHardApp";
			};
			name = Release;
		};
		646DEAC6295AE34300C8C593 /* Debug */ = {
			isa = XCBuildConfiguration;
			buildSettings = {
				ALWAYS_EMBED_SWIFT_STANDARD_LIBRARIES = YES;
				CODE_SIGN_STYLE = Automatic;
				CURRENT_PROJECT_VERSION = 1;
				GENERATE_INFOPLIST_FILE = YES;
				IPHONEOS_DEPLOYMENT_TARGET = 16.2;
				MACOSX_DEPLOYMENT_TARGET = 13.0;
				MARKETING_VERSION = 1.0;
				PRODUCT_BUNDLE_IDENTIFIER = "xcode-chan.WorkHardTravelHardAppUITests";
				PRODUCT_NAME = "$(TARGET_NAME)";
				SDKROOT = auto;
				SUPPORTED_PLATFORMS = "iphoneos iphonesimulator macosx";
				SWIFT_EMIT_LOC_STRINGS = NO;
				SWIFT_VERSION = 5.0;
				TARGETED_DEVICE_FAMILY = "1,2";
				TEST_TARGET_NAME = WorkHardTravelHardApp;
			};
			name = Debug;
		};
		646DEAC7295AE34300C8C593 /* Release */ = {
			isa = XCBuildConfiguration;
			buildSettings = {
				ALWAYS_EMBED_SWIFT_STANDARD_LIBRARIES = YES;
				CODE_SIGN_STYLE = Automatic;
				CURRENT_PROJECT_VERSION = 1;
				GENERATE_INFOPLIST_FILE = YES;
				IPHONEOS_DEPLOYMENT_TARGET = 16.2;
				MACOSX_DEPLOYMENT_TARGET = 13.0;
				MARKETING_VERSION = 1.0;
				PRODUCT_BUNDLE_IDENTIFIER = "xcode-chan.WorkHardTravelHardAppUITests";
				PRODUCT_NAME = "$(TARGET_NAME)";
				SDKROOT = auto;
				SUPPORTED_PLATFORMS = "iphoneos iphonesimulator macosx";
				SWIFT_EMIT_LOC_STRINGS = NO;
				SWIFT_VERSION = 5.0;
				TARGETED_DEVICE_FAMILY = "1,2";
				TEST_TARGET_NAME = WorkHardTravelHardApp;
			};
			name = Release;
		};
/* End XCBuildConfiguration section */

/* Begin XCConfigurationList section */
		646DEA95295AE34200C8C593 /* Build configuration list for PBXProject "WorkHardTravelHardApp" */ = {
			isa = XCConfigurationList;
			buildConfigurations = (
				646DEABD295AE34300C8C593 /* Debug */,
				646DEABE295AE34300C8C593 /* Release */,
			);
			defaultConfigurationIsVisible = 0;
			defaultConfigurationName = Release;
		};
		646DEABF295AE34300C8C593 /* Build configuration list for PBXNativeTarget "WorkHardTravelHardApp" */ = {
			isa = XCConfigurationList;
			buildConfigurations = (
				646DEAC0295AE34300C8C593 /* Debug */,
				646DEAC1295AE34300C8C593 /* Release */,
			);
			defaultConfigurationIsVisible = 0;
			defaultConfigurationName = Release;
		};
		646DEAC2295AE34300C8C593 /* Build configuration list for PBXNativeTarget "WorkHardTravelHardAppTests" */ = {
			isa = XCConfigurationList;
			buildConfigurations = (
				646DEAC3295AE34300C8C593 /* Debug */,
				646DEAC4295AE34300C8C593 /* Release */,
			);
			defaultConfigurationIsVisible = 0;
			defaultConfigurationName = Release;
		};
		646DEAC5295AE34300C8C593 /* Build configuration list for PBXNativeTarget "WorkHardTravelHardAppUITests" */ = {
			isa = XCConfigurationList;
			buildConfigurations = (
				646DEAC6295AE34300C8C593 /* Debug */,
				646DEAC7295AE34300C8C593 /* Release */,
			);
			defaultConfigurationIsVisible = 0;
			defaultConfigurationName = Release;
		};
/* End XCConfigurationList section */
	};
	rootObject = 646DEA92295AE34200C8C593 /* Project object */;
}
